<?xml version="1.0" encoding="UTF-8" standalone="yes" ?>
<CodeBlocks_project_file>
	<FileVersion major="1" minor="6" />
	<Project>
		<Option title="Simple_List" />
		<Option pch_mode="2" />
		<Option compiler="gcc" />
		<Build>
			<Target title="Debug">
				<Option output="bin/Debug/Simple_List" prefix_auto="1" extension_auto="1" />
				<Option object_output="obj/Debug/" />
				<Option type="1" />
				<Option compiler="gcc" />
				<Compiler>
					<Add option="-g" />
				</Compiler>
			</Target>
			<Target title="Release">
				<Option output="bin/Release/Simple_List" prefix_auto="1" extension_auto="1" />
				<Option object_output="obj/Release/" />
				<Option type="1" />
				<Option compiler="gcc" />
				<Compiler>
					<Add option="-O2" />
				</Compiler>
				<Linker>
					<Add option="-s" />
				</Linker>
			</Target>
		</Build>
		<Compiler>
			<Add option="-Wall" />
		</Compiler>
		<Unit filename="../bundle/it.c">
			<Option compilerVar="CC" />
		</Unit>
		<Unit filename="../bundle/it.h" />
		<Unit filename="main.c">
			<Option compilerVar="CC" />
		</Unit>
		<Unit filename="simple_list.c">
			<Option compilerVar="CC" />
		</Unit>
		<Unit filename="simple_list.h" />
		<Unit filename="test/is_full_simple_list.c">
			<Option compilerVar="CC" />
		</Unit>
		<Unit filename="test/test_add_simple_list.c">
			<Option compilerVar="CC" />
		</Unit>
		<Unit filename="test/test_is_empty_simple_list.c">
			<Option compilerVar="CC" />
		</Unit>
		<Unit filename="test/test_simple_list.h" />
		<Unit filename="test/test_utils.c">
			<Option compilerVar="CC" />
		</Unit>
		<Unit filename="test/test_utils.h" />
		<Extensions />
	</Project>
</CodeBlocks_project_file>
