<?xml version="1.0" encoding="UTF-8" standalone="yes" ?>
<CodeBlocks_project_file>
	<FileVersion major="1" minor="6" />
	<Project>
		<Option title="List_G" />
		<Option pch_mode="2" />
		<Option compiler="gcc" />
		<Build>
			<Target title="Debug">
				<Option output="bin/Debug/List_G" prefix_auto="1" extension_auto="1" />
				<Option object_output="obj/Debug/" />
				<Option type="1" />
				<Option compiler="gcc" />
				<Compiler>
					<Add option="-g" />
				</Compiler>
			</Target>
			<Target title="Release">
				<Option output="bin/Release/List_G" prefix_auto="1" extension_auto="1" />
				<Option object_output="obj/Release/" />
				<Option type="1" />
				<Option compiler="gcc" />
				<Compiler>
					<Add option="-O2" />
				</Compiler>
				<Linker>
					<Add option="-s" />
				</Linker>
			</Target>
		</Build>
		<Compiler>
			<Add option="-Wall" />
		</Compiler>
		<Unit filename="../bundle/it.c">
			<Option compilerVar="CC" />
		</Unit>
		<Unit filename="../bundle/it.h" />
		<Unit filename="comp_func.h" />
		<Unit filename="list_g.h" />
		<Unit filename="list_gg.c">
			<Option compilerVar="CC" />
		</Unit>
		<Unit filename="main.c">
			<Option compilerVar="CC" />
		</Unit>
		<Unit filename="test/comp_func.c">
			<Option compilerVar="CC" />
		</Unit>
		<Unit filename="test/test_add_first_list.c">
			<Option compilerVar="CC" />
		</Unit>
		<Unit filename="test/test_add_list.c">
			<Option compilerVar="CC" />
		</Unit>
		<Unit filename="test/test_add_list_o.c">
			<Option compilerVar="CC" />
		</Unit>
		<Unit filename="test/test_add_try_list.c">
			<Option compilerVar="CC" />
		</Unit>
		<Unit filename="test/test_inded_of_list.c">
			<Option compilerVar="CC" />
		</Unit>
		<Unit filename="test/test_insert_list.c">
			<Option compilerVar="CC" />
		</Unit>
		<Unit filename="test/test_list_empty.c">
			<Option compilerVar="CC" />
		</Unit>
		<Unit filename="test/test_sort_list.c">
			<Option compilerVar="CC" />
		</Unit>
		<Unit filename="test_list_g.h" />
		<Extensions>
			<lib_finder disable_auto="1" />
		</Extensions>
	</Project>
</CodeBlocks_project_file>
